
Microsoft Visual Studio Solution File, Format Version 12.00
# Visual Studio Version 17
VisualStudioVersion = 17.6.33815.320
MinimumVisualStudioVersion = 10.0.40219.1
Project("{FAE04EC0-301F-11D3-BF4B-00C04F79EFBC}") = "Lab1ex8", "Lab1ex8\Lab1ex8.csproj", "{2D63EE05-15CF-4AD0-B585-1D2635403DBB}"
EndProject
Global
	GlobalSection(SolutionConfigurationPlatforms) = preSolution
		Debug|Any CPU = Debug|Any CPU
		Release|Any CPU = Release|Any CPU
	EndGlobalSection
	GlobalSection(ProjectConfigurationPlatforms) = postSolution
		{2D63EE05-15CF-4AD0-B585-1D2635403DBB}.Debug|Any CPU.ActiveCfg = Debug|Any CPU
		{2D63EE05-15CF-4AD0-B585-1D2635403DBB}.Debug|Any CPU.Build.0 = Debug|Any CPU
		{2D63EE05-15CF-4AD0-B585-1D2635403DBB}.Release|Any CPU.ActiveCfg = Release|Any CPU
		{2D63EE05-15CF-4AD0-B585-1D2635403DBB}.Release|Any CPU.Build.0 = Release|Any CPU
	EndGlobalSection
	GlobalSection(SolutionProperties) = preSolution
		HideSolutionNode = FALSE
	EndGlobalSection
	GlobalSection(ExtensibilityGlobals) = postSolution
		SolutionGuid = {EBDD05A4-98F0-4FD0-BDE4-CCCD0A590EFA}
	EndGlobalSection
EndGlobal
